// !$*UTF8*$!
{
	archiveVersion = 1;
	classes = {
	};
	objectVersion = 56;
	objects = {

/* Begin PBXBuildFile section */
		2B16BA9F2A8E2FB700D58B65 /* RickAndMortyAppIsmaelMartinezApp.swift in Sources */ = {isa = PBXBuildFile; fileRef = 2B16BA9E2A8E2FB700D58B65 /* RickAndMortyAppIsmaelMartinezApp.swift */; };
		2B16BAA12A8E2FB700D58B65 /* ContentView.swift in Sources */ = {isa = PBXBuildFile; fileRef = 2B16BAA02A8E2FB700D58B65 /* ContentView.swift */; };
		2B16BAA32A8E2FB900D58B65 /* Assets.xcassets in Resources */ = {isa = PBXBuildFile; fileRef = 2B16BAA22A8E2FB900D58B65 /* Assets.xcassets */; };
		2B16BAA72A8E2FB900D58B65 /* Preview Assets.xcassets in Resources */ = {isa = PBXBuildFile; fileRef = 2B16BAA62A8E2FB900D58B65 /* Preview Assets.xcassets */; };
		2B16BACF2A8E307300D58B65 /* Provider.swift in Sources */ = {isa = PBXBuildFile; fileRef = 2B16BACE2A8E307300D58B65 /* Provider.swift */; };
		2B16BAD12A8E319000D58B65 /* CharacterModel.swift in Sources */ = {isa = PBXBuildFile; fileRef = 2B16BAD02A8E319000D58B65 /* CharacterModel.swift */; };
		2B16BAD32A8E321A00D58B65 /* OriginModel.swift in Sources */ = {isa = PBXBuildFile; fileRef = 2B16BAD22A8E321A00D58B65 /* OriginModel.swift */; };
		2B16BAD52A8E323B00D58B65 /* LocationModel.swift in Sources */ = {isa = PBXBuildFile; fileRef = 2B16BAD42A8E323B00D58B65 /* LocationModel.swift */; };
		2B16BADA2A8E378800D58B65 /* CharacterFilterModel.swift in Sources */ = {isa = PBXBuildFile; fileRef = 2B16BAD92A8E378800D58B65 /* CharacterFilterModel.swift */; };
		2B16BADC2A8E3AD300D58B65 /* CharacterViewModel.swift in Sources */ = {isa = PBXBuildFile; fileRef = 2B16BADB2A8E3AD300D58B65 /* CharacterViewModel.swift */; };
		2B16BADE2A8E477300D58B65 /* ImageCache.swift in Sources */ = {isa = PBXBuildFile; fileRef = 2B16BADD2A8E477300D58B65 /* ImageCache.swift */; };
		2B16BAE02A8E508A00D58B65 /* CharacterView.swift in Sources */ = {isa = PBXBuildFile; fileRef = 2B16BADF2A8E508A00D58B65 /* CharacterView.swift */; };
		2B2979C52A911AB700AF1C09 /* ModelTests.swift in Sources */ = {isa = PBXBuildFile; fileRef = 2B2979C42A911AB700AF1C09 /* ModelTests.swift */; };
		2B2CF6892A8F846E001D521D /* FilterText.swift in Sources */ = {isa = PBXBuildFile; fileRef = 2B2CF6882A8F846E001D521D /* FilterText.swift */; };
		2B2CF68B2A8F95BC001D521D /* DetailView.swift in Sources */ = {isa = PBXBuildFile; fileRef = 2B2CF68A2A8F95BC001D521D /* DetailView.swift */; };
		2B30111B2A90E3CE00BE239A /* CustomError.swift in Sources */ = {isa = PBXBuildFile; fileRef = 2B30111A2A90E3CE00BE239A /* CustomError.swift */; };
		2B30111F2A90EDF300BE239A /* MockProvider.swift in Sources */ = {isa = PBXBuildFile; fileRef = 2B30111E2A90EDF300BE239A /* MockProvider.swift */; };
		2B3011202A90EE0900BE239A /* Provider.swift in Sources */ = {isa = PBXBuildFile; fileRef = 2B16BACE2A8E307300D58B65 /* Provider.swift */; };
		2B3011232A90F0A900BE239A /* CharacterModel.swift in Sources */ = {isa = PBXBuildFile; fileRef = 2B16BAD02A8E319000D58B65 /* CharacterModel.swift */; };
		2B3011242A90F0B300BE239A /* CustomError.swift in Sources */ = {isa = PBXBuildFile; fileRef = 2B30111A2A90E3CE00BE239A /* CustomError.swift */; };
		2B3011252A90F0C100BE239A /* CharacterFilterModel.swift in Sources */ = {isa = PBXBuildFile; fileRef = 2B16BAD92A8E378800D58B65 /* CharacterFilterModel.swift */; };
		2B3011272A90F2D700BE239A /* CharacterViewModelTests.swift in Sources */ = {isa = PBXBuildFile; fileRef = 2B3011262A90F2D700BE239A /* CharacterViewModelTests.swift */; };
		2B3011282A90F31400BE239A /* CharacterViewModel.swift in Sources */ = {isa = PBXBuildFile; fileRef = 2B16BADB2A8E3AD300D58B65 /* CharacterViewModel.swift */; };
		2B3011292A90F3BD00BE239A /* OriginModel.swift in Sources */ = {isa = PBXBuildFile; fileRef = 2B16BAD22A8E321A00D58B65 /* OriginModel.swift */; };
		2B30112A2A90F3C300BE239A /* LocationModel.swift in Sources */ = {isa = PBXBuildFile; fileRef = 2B16BAD42A8E323B00D58B65 /* LocationModel.swift */; };
		2B30112B2A90F3D100BE239A /* ImageCache.swift in Sources */ = {isa = PBXBuildFile; fileRef = 2B16BADD2A8E477300D58B65 /* ImageCache.swift */; };
		2B30112C2A90F72B00BE239A /* RickAndMortyAppIsmaelMartinezUITests.swift in Sources */ = {isa = PBXBuildFile; fileRef = 2B16BABA2A8E2FBA00D58B65 /* RickAndMortyAppIsmaelMartinezUITests.swift */; };
		2B30112D2A90F72D00BE239A /* RickAndMortyAppIsmaelMartinezUITestsLaunchTests.swift in Sources */ = {isa = PBXBuildFile; fileRef = 2B16BABC2A8E2FBA00D58B65 /* RickAndMortyAppIsmaelMartinezUITestsLaunchTests.swift */; };
		2BA809FF2A8E7302009DBD7C /* ExecuteCodeUI.swift in Sources */ = {isa = PBXBuildFile; fileRef = 2BA809FE2A8E7302009DBD7C /* ExecuteCodeUI.swift */; };
/* End PBXBuildFile section */

/* Begin PBXContainerItemProxy section */
		2B16BAAD2A8E2FBA00D58B65 /* PBXContainerItemProxy */ = {
			isa = PBXContainerItemProxy;
			containerPortal = 2B16BA932A8E2FB700D58B65 /* Project object */;
			proxyType = 1;
			remoteGlobalIDString = 2B16BA9A2A8E2FB700D58B65;
			remoteInfo = RickAndMortyAppIsmaelMartinez;
		};
		2B16BAB72A8E2FBA00D58B65 /* PBXContainerItemProxy */ = {
			isa = PBXContainerItemProxy;
			containerPortal = 2B16BA932A8E2FB700D58B65 /* Project object */;
			proxyType = 1;
			remoteGlobalIDString = 2B16BA9A2A8E2FB700D58B65;
			remoteInfo = RickAndMortyAppIsmaelMartinez;
		};
/* End PBXContainerItemProxy section */

/* Begin PBXFileReference section */
		2B16BA9B2A8E2FB700D58B65 /* RickAndMortyAppIsmaelMartinez.app */ = {isa = PBXFileReference; explicitFileType = wrapper.application; includeInIndex = 0; path = RickAndMortyAppIsmaelMartinez.app; sourceTree = BUILT_PRODUCTS_DIR; };
		2B16BA9E2A8E2FB700D58B65 /* RickAndMortyAppIsmaelMartinezApp.swift */ = {isa = PBXFileReference; lastKnownFileType = sourcecode.swift; path = RickAndMortyAppIsmaelMartinezApp.swift; sourceTree = "<group>"; };
		2B16BAA02A8E2FB700D58B65 /* ContentView.swift */ = {isa = PBXFileReference; lastKnownFileType = sourcecode.swift; path = ContentView.swift; sourceTree = "<group>"; };
		2B16BAA22A8E2FB900D58B65 /* Assets.xcassets */ = {isa = PBXFileReference; lastKnownFileType = folder.assetcatalog; path = Assets.xcassets; sourceTree = "<group>"; };
		2B16BAA42A8E2FB900D58B65 /* RickAndMortyAppIsmaelMartinez.entitlements */ = {isa = PBXFileReference; lastKnownFileType = text.plist.entitlements; path = RickAndMortyAppIsmaelMartinez.entitlements; sourceTree = "<group>"; };
		2B16BAA62A8E2FB900D58B65 /* Preview Assets.xcassets */ = {isa = PBXFileReference; lastKnownFileType = folder.assetcatalog; path = "Preview Assets.xcassets"; sourceTree = "<group>"; };
		2B16BAAC2A8E2FBA00D58B65 /* RickAndMortyAppIsmaelMartinezTests.xctest */ = {isa = PBXFileReference; explicitFileType = wrapper.cfbundle; includeInIndex = 0; path = RickAndMortyAppIsmaelMartinezTests.xctest; sourceTree = BUILT_PRODUCTS_DIR; };
		2B16BAB02A8E2FBA00D58B65 /* RickAndMortyAppIsmaelMartinezTests.swift */ = {isa = PBXFileReference; lastKnownFileType = sourcecode.swift; path = RickAndMortyAppIsmaelMartinezTests.swift; sourceTree = "<group>"; };
		2B16BAB62A8E2FBA00D58B65 /* RickAndMortyAppIsmaelMartinezUITests.xctest */ = {isa = PBXFileReference; explicitFileType = wrapper.cfbundle; includeInIndex = 0; path = RickAndMortyAppIsmaelMartinezUITests.xctest; sourceTree = BUILT_PRODUCTS_DIR; };
		2B16BABA2A8E2FBA00D58B65 /* RickAndMortyAppIsmaelMartinezUITests.swift */ = {isa = PBXFileReference; lastKnownFileType = sourcecode.swift; path = RickAndMortyAppIsmaelMartinezUITests.swift; sourceTree = "<group>"; };
		2B16BABC2A8E2FBA00D58B65 /* RickAndMortyAppIsmaelMartinezUITestsLaunchTests.swift */ = {isa = PBXFileReference; lastKnownFileType = sourcecode.swift; path = RickAndMortyAppIsmaelMartinezUITestsLaunchTests.swift; sourceTree = "<group>"; };
		2B16BACE2A8E307300D58B65 /* Provider.swift */ = {isa = PBXFileReference; lastKnownFileType = sourcecode.swift; path = Provider.swift; sourceTree = "<group>"; };
		2B16BAD02A8E319000D58B65 /* CharacterModel.swift */ = {isa = PBXFileReference; lastKnownFileType = sourcecode.swift; path = CharacterModel.swift; sourceTree = "<group>"; };
		2B16BAD22A8E321A00D58B65 /* OriginModel.swift */ = {isa = PBXFileReference; lastKnownFileType = sourcecode.swift; path = OriginModel.swift; sourceTree = "<group>"; };
		2B16BAD42A8E323B00D58B65 /* LocationModel.swift */ = {isa = PBXFileReference; lastKnownFileType = sourcecode.swift; path = LocationModel.swift; sourceTree = "<group>"; };
		2B16BAD92A8E378800D58B65 /* CharacterFilterModel.swift */ = {isa = PBXFileReference; lastKnownFileType = sourcecode.swift; path = CharacterFilterModel.swift; sourceTree = "<group>"; };
		2B16BADB2A8E3AD300D58B65 /* CharacterViewModel.swift */ = {isa = PBXFileReference; lastKnownFileType = sourcecode.swift; path = CharacterViewModel.swift; sourceTree = "<group>"; };
		2B16BADD2A8E477300D58B65 /* ImageCache.swift */ = {isa = PBXFileReference; lastKnownFileType = sourcecode.swift; path = ImageCache.swift; sourceTree = "<group>"; };
		2B16BADF2A8E508A00D58B65 /* CharacterView.swift */ = {isa = PBXFileReference; lastKnownFileType = sourcecode.swift; path = CharacterView.swift; sourceTree = "<group>"; };
		2B2979C42A911AB700AF1C09 /* ModelTests.swift */ = {isa = PBXFileReference; lastKnownFileType = sourcecode.swift; path = ModelTests.swift; sourceTree = "<group>"; };
		2B2CF6882A8F846E001D521D /* FilterText.swift */ = {isa = PBXFileReference; lastKnownFileType = sourcecode.swift; path = FilterText.swift; sourceTree = "<group>"; };
		2B2CF68A2A8F95BC001D521D /* DetailView.swift */ = {isa = PBXFileReference; lastKnownFileType = sourcecode.swift; path = DetailView.swift; sourceTree = "<group>"; };
		2B30111A2A90E3CE00BE239A /* CustomError.swift */ = {isa = PBXFileReference; lastKnownFileType = sourcecode.swift; path = CustomError.swift; sourceTree = "<group>"; };
		2B30111E2A90EDF300BE239A /* MockProvider.swift */ = {isa = PBXFileReference; lastKnownFileType = sourcecode.swift; path = MockProvider.swift; sourceTree = "<group>"; };
		2B3011262A90F2D700BE239A /* CharacterViewModelTests.swift */ = {isa = PBXFileReference; lastKnownFileType = sourcecode.swift; path = CharacterViewModelTests.swift; sourceTree = "<group>"; };
		2BA809FE2A8E7302009DBD7C /* ExecuteCodeUI.swift */ = {isa = PBXFileReference; lastKnownFileType = sourcecode.swift; path = ExecuteCodeUI.swift; sourceTree = "<group>"; };
/* End PBXFileReference section */

/* Begin PBXFrameworksBuildPhase section */
		2B16BA982A8E2FB700D58B65 /* Frameworks */ = {
			isa = PBXFrameworksBuildPhase;
			buildActionMask = 2147483647;
			files = (
			);
			runOnlyForDeploymentPostprocessing = 0;
		};
		2B16BAA92A8E2FBA00D58B65 /* Frameworks */ = {
			isa = PBXFrameworksBuildPhase;
			buildActionMask = 2147483647;
			files = (
			);
			runOnlyForDeploymentPostprocessing = 0;
		};
		2B16BAB32A8E2FBA00D58B65 /* Frameworks */ = {
			isa = PBXFrameworksBuildPhase;
			buildActionMask = 2147483647;
			files = (
			);
			runOnlyForDeploymentPostprocessing = 0;
		};
/* End PBXFrameworksBuildPhase section */

/* Begin PBXGroup section */
		2B16BA922A8E2FB700D58B65 = {
			isa = PBXGroup;
			children = (
				2B16BA9D2A8E2FB700D58B65 /* RickAndMortyAppIsmaelMartinez */,
				2B16BAAF2A8E2FBA00D58B65 /* RickAndMortyAppIsmaelMartinezTests */,
				2B16BAB92A8E2FBA00D58B65 /* RickAndMortyAppIsmaelMartinezUITests */,
				2B16BA9C2A8E2FB700D58B65 /* Products */,
			);
			sourceTree = "<group>";
		};
		2B16BA9C2A8E2FB700D58B65 /* Products */ = {
			isa = PBXGroup;
			children = (
				2B16BA9B2A8E2FB700D58B65 /* RickAndMortyAppIsmaelMartinez.app */,
				2B16BAAC2A8E2FBA00D58B65 /* RickAndMortyAppIsmaelMartinezTests.xctest */,
				2B16BAB62A8E2FBA00D58B65 /* RickAndMortyAppIsmaelMartinezUITests.xctest */,
			);
			name = Products;
			sourceTree = "<group>";
		};
		2B16BA9D2A8E2FB700D58B65 /* RickAndMortyAppIsmaelMartinez */ = {
			isa = PBXGroup;
			children = (
				2B16BA9E2A8E2FB700D58B65 /* RickAndMortyAppIsmaelMartinezApp.swift */,
				2B2CF6872A8F8449001D521D /* Components */,
				2B16BACD2A8E304F00D58B65 /* Helpers */,
				2B16BACC2A8E304100D58B65 /* API */,
				2B16BACB2A8E302F00D58B65 /* Views */,
				2B16BACA2A8E302400D58B65 /* ViewModels */,
				2B16BAC92A8E301700D58B65 /* Models */,
				2B16BAA22A8E2FB900D58B65 /* Assets.xcassets */,
				2B16BAA42A8E2FB900D58B65 /* RickAndMortyAppIsmaelMartinez.entitlements */,
				2B16BAA52A8E2FB900D58B65 /* Preview Content */,
			);
			path = RickAndMortyAppIsmaelMartinez;
			sourceTree = "<group>";
		};
		2B16BAA52A8E2FB900D58B65 /* Preview Content */ = {
			isa = PBXGroup;
			children = (
				2B16BAA62A8E2FB900D58B65 /* Preview Assets.xcassets */,
			);
			path = "Preview Content";
			sourceTree = "<group>";
		};
		2B16BAAF2A8E2FBA00D58B65 /* RickAndMortyAppIsmaelMartinezTests */ = {
			isa = PBXGroup;
			children = (
				2B30111C2A90EDCB00BE239A /* Mocks */,
				2B16BAB02A8E2FBA00D58B65 /* RickAndMortyAppIsmaelMartinezTests.swift */,
				2B3011262A90F2D700BE239A /* CharacterViewModelTests.swift */,
				2B2979C42A911AB700AF1C09 /* ModelTests.swift */,
			);
			path = RickAndMortyAppIsmaelMartinezTests;
			sourceTree = "<group>";
		};
		2B16BAB92A8E2FBA00D58B65 /* RickAndMortyAppIsmaelMartinezUITests */ = {
			isa = PBXGroup;
			children = (
				2B16BABA2A8E2FBA00D58B65 /* RickAndMortyAppIsmaelMartinezUITests.swift */,
				2B16BABC2A8E2FBA00D58B65 /* RickAndMortyAppIsmaelMartinezUITestsLaunchTests.swift */,
			);
			path = RickAndMortyAppIsmaelMartinezUITests;
			sourceTree = "<group>";
		};
		2B16BAC92A8E301700D58B65 /* Models */ = {
			isa = PBXGroup;
			children = (
				2B16BAD02A8E319000D58B65 /* CharacterModel.swift */,
				2B16BAD22A8E321A00D58B65 /* OriginModel.swift */,
				2B16BAD42A8E323B00D58B65 /* LocationModel.swift */,
				2B30111A2A90E3CE00BE239A /* CustomError.swift */,
			);
			path = Models;
			sourceTree = "<group>";
		};
		2B16BACA2A8E302400D58B65 /* ViewModels */ = {
			isa = PBXGroup;
			children = (
				2B16BADB2A8E3AD300D58B65 /* CharacterViewModel.swift */,
			);
			path = ViewModels;
			sourceTree = "<group>";
		};
		2B16BACB2A8E302F00D58B65 /* Views */ = {
			isa = PBXGroup;
			children = (
				2B16BAA02A8E2FB700D58B65 /* ContentView.swift */,
				2B16BADF2A8E508A00D58B65 /* CharacterView.swift */,
				2B2CF68A2A8F95BC001D521D /* DetailView.swift */,
			);
			path = Views;
			sourceTree = "<group>";
		};
		2B16BACC2A8E304100D58B65 /* API */ = {
			isa = PBXGroup;
			children = (
				2B16BACE2A8E307300D58B65 /* Provider.swift */,
			);
			path = API;
			sourceTree = "<group>";
		};
		2B16BACD2A8E304F00D58B65 /* Helpers */ = {
			isa = PBXGroup;
			children = (
				2B16BAD92A8E378800D58B65 /* CharacterFilterModel.swift */,
				2B16BADD2A8E477300D58B65 /* ImageCache.swift */,
				2BA809FE2A8E7302009DBD7C /* ExecuteCodeUI.swift */,
			);
			path = Helpers;
			sourceTree = "<group>";
		};
		2B2CF6872A8F8449001D521D /* Components */ = {
			isa = PBXGroup;
			children = (
				2B2CF6882A8F846E001D521D /* FilterText.swift */,
			);
			path = Components;
			sourceTree = "<group>";
		};
		2B30111C2A90EDCB00BE239A /* Mocks */ = {
			isa = PBXGroup;
			children = (
				2B30111E2A90EDF300BE239A /* MockProvider.swift */,
			);
			path = Mocks;
			sourceTree = "<group>";
		};
/* End PBXGroup section */

/* Begin PBXNativeTarget section */
		2B16BA9A2A8E2FB700D58B65 /* RickAndMortyAppIsmaelMartinez */ = {
			isa = PBXNativeTarget;
			buildConfigurationList = 2B16BAC02A8E2FBA00D58B65 /* Build configuration list for PBXNativeTarget "RickAndMortyAppIsmaelMartinez" */;
			buildPhases = (
				2B16BA972A8E2FB700D58B65 /* Sources */,
				2B16BA982A8E2FB700D58B65 /* Frameworks */,
				2B16BA992A8E2FB700D58B65 /* Resources */,
			);
			buildRules = (
			);
			dependencies = (
			);
			name = RickAndMortyAppIsmaelMartinez;
			productName = RickAndMortyAppIsmaelMartinez;
			productReference = 2B16BA9B2A8E2FB700D58B65 /* RickAndMortyAppIsmaelMartinez.app */;
			productType = "com.apple.product-type.application";
		};
		2B16BAAB2A8E2FBA00D58B65 /* RickAndMortyAppIsmaelMartinezTests */ = {
			isa = PBXNativeTarget;
			buildConfigurationList = 2B16BAC32A8E2FBA00D58B65 /* Build configuration list for PBXNativeTarget "RickAndMortyAppIsmaelMartinezTests" */;
			buildPhases = (
				2B16BAA82A8E2FBA00D58B65 /* Sources */,
				2B16BAA92A8E2FBA00D58B65 /* Frameworks */,
				2B16BAAA2A8E2FBA00D58B65 /* Resources */,
			);
			buildRules = (
			);
			dependencies = (
				2B16BAAE2A8E2FBA00D58B65 /* PBXTargetDependency */,
			);
			name = RickAndMortyAppIsmaelMartinezTests;
			productName = RickAndMortyAppIsmaelMartinezTests;
			productReference = 2B16BAAC2A8E2FBA00D58B65 /* RickAndMortyAppIsmaelMartinezTests.xctest */;
			productType = "com.apple.product-type.bundle.unit-test";
		};
		2B16BAB52A8E2FBA00D58B65 /* RickAndMortyAppIsmaelMartinezUITests */ = {
			isa = PBXNativeTarget;
			buildConfigurationList = 2B16BAC62A8E2FBA00D58B65 /* Build configuration list for PBXNativeTarget "RickAndMortyAppIsmaelMartinezUITests" */;
			buildPhases = (
				2B16BAB22A8E2FBA00D58B65 /* Sources */,
				2B16BAB32A8E2FBA00D58B65 /* Frameworks */,
				2B16BAB42A8E2FBA00D58B65 /* Resources */,
			);
			buildRules = (
			);
			dependencies = (
				2B16BAB82A8E2FBA00D58B65 /* PBXTargetDependency */,
			);
			name = RickAndMortyAppIsmaelMartinezUITests;
			productName = RickAndMortyAppIsmaelMartinezUITests;
			productReference = 2B16BAB62A8E2FBA00D58B65 /* RickAndMortyAppIsmaelMartinezUITests.xctest */;
			productType = "com.apple.product-type.bundle.ui-testing";
		};
/* End PBXNativeTarget section */

/* Begin PBXProject section */
		2B16BA932A8E2FB700D58B65 /* Project object */ = {
			isa = PBXProject;
			attributes = {
				BuildIndependentTargetsInParallel = 1;
				LastSwiftUpdateCheck = 1420;
				LastUpgradeCheck = 1420;
				TargetAttributes = {
					2B16BA9A2A8E2FB700D58B65 = {
						CreatedOnToolsVersion = 14.2;
					};
					2B16BAAB2A8E2FBA00D58B65 = {
						CreatedOnToolsVersion = 14.2;
						TestTargetID = 2B16BA9A2A8E2FB700D58B65;
					};
					2B16BAB52A8E2FBA00D58B65 = {
						CreatedOnToolsVersion = 14.2;
						TestTargetID = 2B16BA9A2A8E2FB700D58B65;
					};
				};
			};
			buildConfigurationList = 2B16BA962A8E2FB700D58B65 /* Build configuration list for PBXProject "RickAndMortyAppIsmaelMartinez" */;
			compatibilityVersion = "Xcode 14.0";
			developmentRegion = en;
			hasScannedForEncodings = 0;
			knownRegions = (
				en,
				Base,
			);
			mainGroup = 2B16BA922A8E2FB700D58B65;
			productRefGroup = 2B16BA9C2A8E2FB700D58B65 /* Products */;
			projectDirPath = "";
			projectRoot = "";
			targets = (
				2B16BA9A2A8E2FB700D58B65 /* RickAndMortyAppIsmaelMartinez */,
				2B16BAAB2A8E2FBA00D58B65 /* RickAndMortyAppIsmaelMartinezTests */,
				2B16BAB52A8E2FBA00D58B65 /* RickAndMortyAppIsmaelMartinezUITests */,
			);
		};
/* End PBXProject section */

/* Begin PBXResourcesBuildPhase section */
		2B16BA992A8E2FB700D58B65 /* Resources */ = {
			isa = PBXResourcesBuildPhase;
			buildActionMask = 2147483647;
			files = (
				2B16BAA72A8E2FB900D58B65 /* Preview Assets.xcassets in Resources */,
				2B16BAA32A8E2FB900D58B65 /* Assets.xcassets in Resources */,
			);
			runOnlyForDeploymentPostprocessing = 0;
		};
		2B16BAAA2A8E2FBA00D58B65 /* Resources */ = {
			isa = PBXResourcesBuildPhase;
			buildActionMask = 2147483647;
			files = (
			);
			runOnlyForDeploymentPostprocessing = 0;
		};
		2B16BAB42A8E2FBA00D58B65 /* Resources */ = {
			isa = PBXResourcesBuildPhase;
			buildActionMask = 2147483647;
			files = (
			);
			runOnlyForDeploymentPostprocessing = 0;
		};
/* End PBXResourcesBuildPhase section */

/* Begin PBXSourcesBuildPhase section */
		2B16BA972A8E2FB700D58B65 /* Sources */ = {
			isa = PBXSourcesBuildPhase;
			buildActionMask = 2147483647;
			files = (
				2B16BAA12A8E2FB700D58B65 /* ContentView.swift in Sources */,
				2B16BAD12A8E319000D58B65 /* CharacterModel.swift in Sources */,
				2B2CF6892A8F846E001D521D /* FilterText.swift in Sources */,
				2B16BAE02A8E508A00D58B65 /* CharacterView.swift in Sources */,
				2BA809FF2A8E7302009DBD7C /* ExecuteCodeUI.swift in Sources */,
				2B16BACF2A8E307300D58B65 /* Provider.swift in Sources */,
				2B16BADE2A8E477300D58B65 /* ImageCache.swift in Sources */,
				2B30111B2A90E3CE00BE239A /* CustomError.swift in Sources */,
				2B2CF68B2A8F95BC001D521D /* DetailView.swift in Sources */,
				2B16BA9F2A8E2FB700D58B65 /* RickAndMortyAppIsmaelMartinezApp.swift in Sources */,
				2B16BADC2A8E3AD300D58B65 /* CharacterViewModel.swift in Sources */,
				2B16BAD52A8E323B00D58B65 /* LocationModel.swift in Sources */,
				2B16BAD32A8E321A00D58B65 /* OriginModel.swift in Sources */,
				2B16BADA2A8E378800D58B65 /* CharacterFilterModel.swift in Sources */,
			);
			runOnlyForDeploymentPostprocessing = 0;
		};
		2B16BAA82A8E2FBA00D58B65 /* Sources */ = {
			isa = PBXSourcesBuildPhase;
			buildActionMask = 2147483647;
			files = (
				2B30112B2A90F3D100BE239A /* ImageCache.swift in Sources */,
				2B3011292A90F3BD00BE239A /* OriginModel.swift in Sources */,
				2B3011242A90F0B300BE239A /* CustomError.swift in Sources */,
				2B3011252A90F0C100BE239A /* CharacterFilterModel.swift in Sources */,
				2B30111F2A90EDF300BE239A /* MockProvider.swift in Sources */,
				2B3011232A90F0A900BE239A /* CharacterModel.swift in Sources */,
				2B3011282A90F31400BE239A /* CharacterViewModel.swift in Sources */,
				2B3011202A90EE0900BE239A /* Provider.swift in Sources */,
				2B2979C52A911AB700AF1C09 /* ModelTests.swift in Sources */,
				2B30112A2A90F3C300BE239A /* LocationModel.swift in Sources */,
				2B3011272A90F2D700BE239A /* CharacterViewModelTests.swift in Sources */,
			);
			runOnlyForDeploymentPostprocessing = 0;
		};
		2B16BAB22A8E2FBA00D58B65 /* Sources */ = {
			isa = PBXSourcesBuildPhase;
			buildActionMask = 2147483647;
			files = (
				2B30112D2A90F72D00BE239A /* RickAndMortyAppIsmaelMartinezUITestsLaunchTests.swift in Sources */,
				2B30112C2A90F72B00BE239A /* RickAndMortyAppIsmaelMartinezUITests.swift in Sources */,
			);
			runOnlyForDeploymentPostprocessing = 0;
		};
/* End PBXSourcesBuildPhase section */

/* Begin PBXTargetDependency section */
		2B16BAAE2A8E2FBA00D58B65 /* PBXTargetDependency */ = {
			isa = PBXTargetDependency;
			target = 2B16BA9A2A8E2FB700D58B65 /* RickAndMortyAppIsmaelMartinez */;
			targetProxy = 2B16BAAD2A8E2FBA00D58B65 /* PBXContainerItemProxy */;
		};
		2B16BAB82A8E2FBA00D58B65 /* PBXTargetDependency */ = {
			isa = PBXTargetDependency;
			target = 2B16BA9A2A8E2FB700D58B65 /* RickAndMortyAppIsmaelMartinez */;
			targetProxy = 2B16BAB72A8E2FBA00D58B65 /* PBXContainerItemProxy */;
		};
/* End PBXTargetDependency section */

/* Begin XCBuildConfiguration section */
		2B16BABE2A8E2FBA00D58B65 /* Debug */ = {
			isa = XCBuildConfiguration;
			buildSettings = {
				ALWAYS_SEARCH_USER_PATHS = NO;
				CLANG_ANALYZER_NONNULL = YES;
				CLANG_ANALYZER_NUMBER_OBJECT_CONVERSION = YES_AGGRESSIVE;
				CLANG_CXX_LANGUAGE_STANDARD = "gnu++20";
				CLANG_ENABLE_MODULES = YES;
				CLANG_ENABLE_OBJC_ARC = YES;
				CLANG_ENABLE_OBJC_WEAK = YES;
				CLANG_WARN_BLOCK_CAPTURE_AUTORELEASING = YES;
				CLANG_WARN_BOOL_CONVERSION = YES;
				CLANG_WARN_COMMA = YES;
				CLANG_WARN_CONSTANT_CONVERSION = YES;
				CLANG_WARN_DEPRECATED_OBJC_IMPLEMENTATIONS = YES;
				CLANG_WARN_DIRECT_OBJC_ISA_USAGE = YES_ERROR;
				CLANG_WARN_DOCUMENTATION_COMMENTS = YES;
				CLANG_WARN_EMPTY_BODY = YES;
				CLANG_WARN_ENUM_CONVERSION = YES;
				CLANG_WARN_INFINITE_RECURSION = YES;
				CLANG_WARN_INT_CONVERSION = YES;
				CLANG_WARN_NON_LITERAL_NULL_CONVERSION = YES;
				CLANG_WARN_OBJC_IMPLICIT_RETAIN_SELF = YES;
				CLANG_WARN_OBJC_LITERAL_CONVERSION = YES;
				CLANG_WARN_OBJC_ROOT_CLASS = YES_ERROR;
				CLANG_WARN_QUOTED_INCLUDE_IN_FRAMEWORK_HEADER = YES;
				CLANG_WARN_RANGE_LOOP_ANALYSIS = YES;
				CLANG_WARN_STRICT_PROTOTYPES = YES;
				CLANG_WARN_SUSPICIOUS_MOVE = YES;
				CLANG_WARN_UNGUARDED_AVAILABILITY = YES_AGGRESSIVE;
				CLANG_WARN_UNREACHABLE_CODE = YES;
				CLANG_WARN__DUPLICATE_METHOD_MATCH = YES;
				COPY_PHASE_STRIP = NO;
				DEBUG_INFORMATION_FORMAT = dwarf;
				ENABLE_STRICT_OBJC_MSGSEND = YES;
				ENABLE_TESTABILITY = YES;
				GCC_C_LANGUAGE_STANDARD = gnu11;
				GCC_DYNAMIC_NO_PIC = NO;
				GCC_NO_COMMON_BLOCKS = YES;
				GCC_OPTIMIZATION_LEVEL = 0;
				GCC_PREPROCESSOR_DEFINITIONS = (
					"DEBUG=1",
					"$(inherited)",
				);
				GCC_WARN_64_TO_32_BIT_CONVERSION = YES;
				GCC_WARN_ABOUT_RETURN_TYPE = YES_ERROR;
				GCC_WARN_UNDECLARED_SELECTOR = YES;
				GCC_WARN_UNINITIALIZED_AUTOS = YES_AGGRESSIVE;
				GCC_WARN_UNUSED_FUNCTION = YES;
				GCC_WARN_UNUSED_VARIABLE = YES;
				MTL_ENABLE_DEBUG_INFO = INCLUDE_SOURCE;
				MTL_FAST_MATH = YES;
				ONLY_ACTIVE_ARCH = YES;
				SWIFT_ACTIVE_COMPILATION_CONDITIONS = DEBUG;
				SWIFT_OPTIMIZATION_LEVEL = "-Onone";
			};
			name = Debug;
		};
		2B16BABF2A8E2FBA00D58B65 /* Release */ = {
			isa = XCBuildConfiguration;
			buildSettings = {
				ALWAYS_SEARCH_USER_PATHS = NO;
				CLANG_ANALYZER_NONNULL = YES;
				CLANG_ANALYZER_NUMBER_OBJECT_CONVERSION = YES_AGGRESSIVE;
				CLANG_CXX_LANGUAGE_STANDARD = "gnu++20";
				CLANG_ENABLE_MODULES = YES;
				CLANG_ENABLE_OBJC_ARC = YES;
				CLANG_ENABLE_OBJC_WEAK = YES;
				CLANG_WARN_BLOCK_CAPTURE_AUTORELEASING = YES;
				CLANG_WARN_BOOL_CONVERSION = YES;
				CLANG_WARN_COMMA = YES;
				CLANG_WARN_CONSTANT_CONVERSION = YES;
				CLANG_WARN_DEPRECATED_OBJC_IMPLEMENTATIONS = YES;
				CLANG_WARN_DIRECT_OBJC_ISA_USAGE = YES_ERROR;
				CLANG_WARN_DOCUMENTATION_COMMENTS = YES;
				CLANG_WARN_EMPTY_BODY = YES;
				CLANG_WARN_ENUM_CONVERSION = YES;
				CLANG_WARN_INFINITE_RECURSION = YES;
				CLANG_WARN_INT_CONVERSION = YES;
				CLANG_WARN_NON_LITERAL_NULL_CONVERSION = YES;
				CLANG_WARN_OBJC_IMPLICIT_RETAIN_SELF = YES;
				CLANG_WARN_OBJC_LITERAL_CONVERSION = YES;
				CLANG_WARN_OBJC_ROOT_CLASS = YES_ERROR;
				CLANG_WARN_QUOTED_INCLUDE_IN_FRAMEWORK_HEADER = YES;
				CLANG_WARN_RANGE_LOOP_ANALYSIS = YES;
				CLANG_WARN_STRICT_PROTOTYPES = YES;
				CLANG_WARN_SUSPICIOUS_MOVE = YES;
				CLANG_WARN_UNGUARDED_AVAILABILITY = YES_AGGRESSIVE;
				CLANG_WARN_UNREACHABLE_CODE = YES;
				CLANG_WARN__DUPLICATE_METHOD_MATCH = YES;
				COPY_PHASE_STRIP = NO;
				DEBUG_INFORMATION_FORMAT = "dwarf-with-dsym";
				ENABLE_NS_ASSERTIONS = NO;
				ENABLE_STRICT_OBJC_MSGSEND = YES;
				GCC_C_LANGUAGE_STANDARD = gnu11;
				GCC_NO_COMMON_BLOCKS = YES;
				GCC_WARN_64_TO_32_BIT_CONVERSION = YES;
				GCC_WARN_ABOUT_RETURN_TYPE = YES_ERROR;
				GCC_WARN_UNDECLARED_SELECTOR = YES;
				GCC_WARN_UNINITIALIZED_AUTOS = YES_AGGRESSIVE;
				GCC_WARN_UNUSED_FUNCTION = YES;
				GCC_WARN_UNUSED_VARIABLE = YES;
				MTL_ENABLE_DEBUG_INFO = NO;
				MTL_FAST_MATH = YES;
				SWIFT_COMPILATION_MODE = wholemodule;
				SWIFT_OPTIMIZATION_LEVEL = "-O";
			};
			name = Release;
		};
		2B16BAC12A8E2FBA00D58B65 /* Debug */ = {
			isa = XCBuildConfiguration;
			buildSettings = {
				ASSETCATALOG_COMPILER_APPICON_NAME = AppIcon;
				ASSETCATALOG_COMPILER_GLOBAL_ACCENT_COLOR_NAME = AccentColor;
				CODE_SIGN_ENTITLEMENTS = RickAndMortyAppIsmaelMartinez/RickAndMortyAppIsmaelMartinez.entitlements;
				CODE_SIGN_STYLE = Automatic;
				CURRENT_PROJECT_VERSION = 1;
				DEVELOPMENT_ASSET_PATHS = "\"RickAndMortyAppIsmaelMartinez/Preview Content\"";
				DEVELOPMENT_TEAM = 7Q9N56943P;
				ENABLE_HARDENED_RUNTIME = YES;
				ENABLE_PREVIEWS = YES;
				GENERATE_INFOPLIST_FILE = YES;
				"INFOPLIST_KEY_UIApplicationSceneManifest_Generation[sdk=iphoneos*]" = YES;
				"INFOPLIST_KEY_UIApplicationSceneManifest_Generation[sdk=iphonesimulator*]" = YES;
				"INFOPLIST_KEY_UIApplicationSupportsIndirectInputEvents[sdk=iphoneos*]" = YES;
				"INFOPLIST_KEY_UIApplicationSupportsIndirectInputEvents[sdk=iphonesimulator*]" = YES;
				"INFOPLIST_KEY_UILaunchScreen_Generation[sdk=iphoneos*]" = YES;
				"INFOPLIST_KEY_UILaunchScreen_Generation[sdk=iphonesimulator*]" = YES;
				"INFOPLIST_KEY_UIStatusBarStyle[sdk=iphoneos*]" = UIStatusBarStyleDefault;
				"INFOPLIST_KEY_UIStatusBarStyle[sdk=iphonesimulator*]" = UIStatusBarStyleDefault;
				INFOPLIST_KEY_UISupportedInterfaceOrientations_iPad = "UIInterfaceOrientationPortrait UIInterfaceOrientationPortraitUpsideDown UIInterfaceOrientationLandscapeLeft UIInterfaceOrientationLandscapeRight";
				INFOPLIST_KEY_UISupportedInterfaceOrientations_iPhone = "UIInterfaceOrientationPortrait UIInterfaceOrientationLandscapeLeft UIInterfaceOrientationLandscapeRight";
				IPHONEOS_DEPLOYMENT_TARGET = 16.2;
				LD_RUNPATH_SEARCH_PATHS = "@executable_path/Frameworks";
				"LD_RUNPATH_SEARCH_PATHS[sdk=macosx*]" = "@executable_path/../Frameworks";
				MACOSX_DEPLOYMENT_TARGET = 12.6;
				MARKETING_VERSION = 1.0;
				PRODUCT_BUNDLE_IDENTIFIER = a.RickAndMortyAppIsmaelMartinez;
				PRODUCT_NAME = "$(TARGET_NAME)";
				SDKROOT = auto;
				SUPPORTED_PLATFORMS = "iphoneos iphonesimulator macosx";
				SWIFT_EMIT_LOC_STRINGS = YES;
				SWIFT_VERSION = 5.0;
				TARGETED_DEVICE_FAMILY = "1,2";
			};
			name = Debug;
		};
		2B16BAC22A8E2FBA00D58B65 /* Release */ = {
			isa = XCBuildConfiguration;
			buildSettings = {
				ASSETCATALOG_COMPILER_APPICON_NAME = AppIcon;
				ASSETCATALOG_COMPILER_GLOBAL_ACCENT_COLOR_NAME = AccentColor;
				CODE_SIGN_ENTITLEMENTS = RickAndMortyAppIsmaelMartinez/RickAndMortyAppIsmaelMartinez.entitlements;
				CODE_SIGN_STYLE = Automatic;
				CURRENT_PROJECT_VERSION = 1;
				DEVELOPMENT_ASSET_PATHS = "\"RickAndMortyAppIsmaelMartinez/Preview Content\"";
				DEVELOPMENT_TEAM = 7Q9N56943P;
				ENABLE_HARDENED_RUNTIME = YES;
				ENABLE_PREVIEWS = YES;
				GENERATE_INFOPLIST_FILE = YES;
				"INFOPLIST_KEY_UIApplicationSceneManifest_Generation[sdk=iphoneos*]" = YES;
				"INFOPLIST_KEY_UIApplicationSceneManifest_Generation[sdk=iphonesimulator*]" = YES;
				"INFOPLIST_KEY_UIApplicationSupportsIndirectInputEvents[sdk=iphoneos*]" = YES;
				"INFOPLIST_KEY_UIApplicationSupportsIndirectInputEvents[sdk=iphonesimulator*]" = YES;
				"INFOPLIST_KEY_UILaunchScreen_Generation[sdk=iphoneos*]" = YES;
				"INFOPLIST_KEY_UILaunchScreen_Generation[sdk=iphonesimulator*]" = YES;
				"INFOPLIST_KEY_UIStatusBarStyle[sdk=iphoneos*]" = UIStatusBarStyleDefault;
				"INFOPLIST_KEY_UIStatusBarStyle[sdk=iphonesimulator*]" = UIStatusBarStyleDefault;
				INFOPLIST_KEY_UISupportedInterfaceOrientations_iPad = "UIInterfaceOrientationPortrait UIInterfaceOrientationPortraitUpsideDown UIInterfaceOrientationLandscapeLeft UIInterfaceOrientationLandscapeRight";
				INFOPLIST_KEY_UISupportedInterfaceOrientations_iPhone = "UIInterfaceOrientationPortrait UIInterfaceOrientationLandscapeLeft UIInterfaceOrientationLandscapeRight";
				IPHONEOS_DEPLOYMENT_TARGET = 16.2;
				LD_RUNPATH_SEARCH_PATHS = "@executable_path/Frameworks";
				"LD_RUNPATH_SEARCH_PATHS[sdk=macosx*]" = "@executable_path/../Frameworks";
				MACOSX_DEPLOYMENT_TARGET = 12.6;
				MARKETING_VERSION = 1.0;
				PRODUCT_BUNDLE_IDENTIFIER = a.RickAndMortyAppIsmaelMartinez;
				PRODUCT_NAME = "$(TARGET_NAME)";
				SDKROOT = auto;
				SUPPORTED_PLATFORMS = "iphoneos iphonesimulator macosx";
				SWIFT_EMIT_LOC_STRINGS = YES;
				SWIFT_VERSION = 5.0;
				TARGETED_DEVICE_FAMILY = "1,2";
			};
			name = Release;
		};
		2B16BAC42A8E2FBA00D58B65 /* Debug */ = {
			isa = XCBuildConfiguration;
			buildSettings = {
				ALWAYS_EMBED_SWIFT_STANDARD_LIBRARIES = YES;
				BUNDLE_LOADER = "$(TEST_HOST)";
				CODE_SIGN_STYLE = Automatic;
				CURRENT_PROJECT_VERSION = 1;
				DEVELOPMENT_TEAM = 7Q9N56943P;
				GENERATE_INFOPLIST_FILE = YES;
				IPHONEOS_DEPLOYMENT_TARGET = 16.2;
				MACOSX_DEPLOYMENT_TARGET = 12.6;
				MARKETING_VERSION = 1.0;
				PRODUCT_BUNDLE_IDENTIFIER = a.RickAndMortyAppIsmaelMartinezTests;
				PRODUCT_NAME = "$(TARGET_NAME)";
				SDKROOT = auto;
				SUPPORTED_PLATFORMS = "iphoneos iphonesimulator macosx";
				SWIFT_EMIT_LOC_STRINGS = NO;
				SWIFT_VERSION = 5.0;
				TARGETED_DEVICE_FAMILY = "1,2";
				TEST_HOST = "$(BUILT_PRODUCTS_DIR)/RickAndMortyAppIsmaelMartinez.app/$(BUNDLE_EXECUTABLE_FOLDER_PATH)/RickAndMortyAppIsmaelMartinez";
			};
			name = Debug;
		};
		2B16BAC52A8E2FBA00D58B65 /* Release */ = {
			isa = XCBuildConfiguration;
			buildSettings = {
				ALWAYS_EMBED_SWIFT_STANDARD_LIBRARIES = YES;
				BUNDLE_LOADER = "$(TEST_HOST)";
				CODE_SIGN_STYLE = Automatic;
				CURRENT_PROJECT_VERSION = 1;
				DEVELOPMENT_TEAM = 7Q9N56943P;
				GENERATE_INFOPLIST_FILE = YES;
				IPHONEOS_DEPLOYMENT_TARGET = 16.2;
				MACOSX_DEPLOYMENT_TARGET = 12.6;
				MARKETING_VERSION = 1.0;
				PRODUCT_BUNDLE_IDENTIFIER = a.RickAndMortyAppIsmaelMartinezTests;
				PRODUCT_NAME = "$(TARGET_NAME)";
				SDKROOT = auto;
				SUPPORTED_PLATFORMS = "iphoneos iphonesimulator macosx";
				SWIFT_EMIT_LOC_STRINGS = NO;
				SWIFT_VERSION = 5.0;
				TARGETED_DEVICE_FAMILY = "1,2";
				TEST_HOST = "$(BUILT_PRODUCTS_DIR)/RickAndMortyAppIsmaelMartinez.app/$(BUNDLE_EXECUTABLE_FOLDER_PATH)/RickAndMortyAppIsmaelMartinez";
			};
			name = Release;
		};
		2B16BAC72A8E2FBA00D58B65 /* Debug */ = {
			isa = XCBuildConfiguration;
			buildSettings = {
				ALWAYS_EMBED_SWIFT_STANDARD_LIBRARIES = YES;
				CODE_SIGN_STYLE = Automatic;
				CURRENT_PROJECT_VERSION = 1;
				DEVELOPMENT_TEAM = 7Q9N56943P;
				GENERATE_INFOPLIST_FILE = YES;
				IPHONEOS_DEPLOYMENT_TARGET = 16.2;
				MACOSX_DEPLOYMENT_TARGET = 12.6;
				MARKETING_VERSION = 1.0;
				PRODUCT_BUNDLE_IDENTIFIER = a.RickAndMortyAppIsmaelMartinezUITests;
				PRODUCT_NAME = "$(TARGET_NAME)";
				SDKROOT = auto;
				SUPPORTED_PLATFORMS = "iphoneos iphonesimulator macosx";
				SWIFT_EMIT_LOC_STRINGS = NO;
				SWIFT_VERSION = 5.0;
				TARGETED_DEVICE_FAMILY = "1,2";
				TEST_TARGET_NAME = RickAndMortyAppIsmaelMartinez;
			};
			name = Debug;
		};
		2B16BAC82A8E2FBA00D58B65 /* Release */ = {
			isa = XCBuildConfiguration;
			buildSettings = {
				ALWAYS_EMBED_SWIFT_STANDARD_LIBRARIES = YES;
				CODE_SIGN_STYLE = Automatic;
				CURRENT_PROJECT_VERSION = 1;
				DEVELOPMENT_TEAM = 7Q9N56943P;
				GENERATE_INFOPLIST_FILE = YES;
				IPHONEOS_DEPLOYMENT_TARGET = 16.2;
				MACOSX_DEPLOYMENT_TARGET = 12.6;
				MARKETING_VERSION = 1.0;
				PRODUCT_BUNDLE_IDENTIFIER = a.RickAndMortyAppIsmaelMartinezUITests;
				PRODUCT_NAME = "$(TARGET_NAME)";
				SDKROOT = auto;
				SUPPORTED_PLATFORMS = "iphoneos iphonesimulator macosx";
				SWIFT_EMIT_LOC_STRINGS = NO;
				SWIFT_VERSION = 5.0;
				TARGETED_DEVICE_FAMILY = "1,2";
				TEST_TARGET_NAME = RickAndMortyAppIsmaelMartinez;
			};
			name = Release;
		};
/* End XCBuildConfiguration section */

/* Begin XCConfigurationList section */
		2B16BA962A8E2FB700D58B65 /* Build configuration list for PBXProject "RickAndMortyAppIsmaelMartinez" */ = {
			isa = XCConfigurationList;
			buildConfigurations = (
				2B16BABE2A8E2FBA00D58B65 /* Debug */,
				2B16BABF2A8E2FBA00D58B65 /* Release */,
			);
			defaultConfigurationIsVisible = 0;
			defaultConfigurationName = Release;
		};
		2B16BAC02A8E2FBA00D58B65 /* Build configuration list for PBXNativeTarget "RickAndMortyAppIsmaelMartinez" */ = {
			isa = XCConfigurationList;
			buildConfigurations = (
				2B16BAC12A8E2FBA00D58B65 /* Debug */,
				2B16BAC22A8E2FBA00D58B65 /* Release */,
			);
			defaultConfigurationIsVisible = 0;
			defaultConfigurationName = Release;
		};
		2B16BAC32A8E2FBA00D58B65 /* Build configuration list for PBXNativeTarget "RickAndMortyAppIsmaelMartinezTests" */ = {
			isa = XCConfigurationList;
			buildConfigurations = (
				2B16BAC42A8E2FBA00D58B65 /* Debug */,
				2B16BAC52A8E2FBA00D58B65 /* Release */,
			);
			defaultConfigurationIsVisible = 0;
			defaultConfigurationName = Release;
		};
		2B16BAC62A8E2FBA00D58B65 /* Build configuration list for PBXNativeTarget "RickAndMortyAppIsmaelMartinezUITests" */ = {
			isa = XCConfigurationList;
			buildConfigurations = (
				2B16BAC72A8E2FBA00D58B65 /* Debug */,
				2B16BAC82A8E2FBA00D58B65 /* Release */,
			);
			defaultConfigurationIsVisible = 0;
			defaultConfigurationName = Release;
		};
/* End XCConfigurationList section */
	};
	rootObject = 2B16BA932A8E2FB700D58B65 /* Project object */;
}
